
Microsoft Visual Studio Solution File, Format Version 12.00
Project("{FAE04EC0-301F-11D3-BF4B-00C04F79EFBC}") = "ConsoleApp6", "ConsoleApp6\ConsoleApp6.csproj", "{2454323B-C76C-4A78-B29C-2BFD8549A6AD}"
EndProject
Global
	GlobalSection(SolutionConfigurationPlatforms) = preSolution
		Debug|Any CPU = Debug|Any CPU
		Release|Any CPU = Release|Any CPU
	EndGlobalSection
	GlobalSection(ProjectConfigurationPlatforms) = postSolution
		{2454323B-C76C-4A78-B29C-2BFD8549A6AD}.Debug|Any CPU.ActiveCfg = Debug|Any CPU
		{2454323B-C76C-4A78-B29C-2BFD8549A6AD}.Debug|Any CPU.Build.0 = Debug|Any CPU
		{2454323B-C76C-4A78-B29C-2BFD8549A6AD}.Release|Any CPU.ActiveCfg = Release|Any CPU
		{2454323B-C76C-4A78-B29C-2BFD8549A6AD}.Release|Any CPU.Build.0 = Release|Any CPU
	EndGlobalSection
EndGlobal
